
Microsoft Visual Studio Solution File, Format Version 12.00
# Visual Studio Version 17
VisualStudioVersion = 17.3.32929.385
MinimumVisualStudioVersion = 10.0.40219.1
Project("{FAE04EC0-301F-11D3-BF4B-00C04F79EFBC}") = "Practicum5", "Practicum5\Practicum5.csproj", "{A3EFB47C-5E88-4B11-BFB0-257F2AC14499}"
EndProject
Project("{FAE04EC0-301F-11D3-BF4B-00C04F79EFBC}") = "Practicum5_Task1_WF", "Practicum5_Task1_WF\Practicum5_Task1_WF.csproj", "{BD83917A-D73F-4C16-BDBA-217B3F219BE4}"
EndProject
Global
	GlobalSection(SolutionConfigurationPlatforms) = preSolution
		Debug|Any CPU = Debug|Any CPU
		Release|Any CPU = Release|Any CPU
	EndGlobalSection
	GlobalSection(ProjectConfigurationPlatforms) = postSolution
		{A3EFB47C-5E88-4B11-BFB0-257F2AC14499}.Debug|Any CPU.ActiveCfg = Debug|Any CPU
		{A3EFB47C-5E88-4B11-BFB0-257F2AC14499}.Debug|Any CPU.Build.0 = Debug|Any CPU
		{A3EFB47C-5E88-4B11-BFB0-257F2AC14499}.Release|Any CPU.ActiveCfg = Release|Any CPU
		{A3EFB47C-5E88-4B11-BFB0-257F2AC14499}.Release|Any CPU.Build.0 = Release|Any CPU
		{BD83917A-D73F-4C16-BDBA-217B3F219BE4}.Debug|Any CPU.ActiveCfg = Debug|Any CPU
		{BD83917A-D73F-4C16-BDBA-217B3F219BE4}.Debug|Any CPU.Build.0 = Debug|Any CPU
		{BD83917A-D73F-4C16-BDBA-217B3F219BE4}.Release|Any CPU.ActiveCfg = Release|Any CPU
		{BD83917A-D73F-4C16-BDBA-217B3F219BE4}.Release|Any CPU.Build.0 = Release|Any CPU
	EndGlobalSection
	GlobalSection(SolutionProperties) = preSolution
		HideSolutionNode = FALSE
	EndGlobalSection
	GlobalSection(ExtensibilityGlobals) = postSolution
		SolutionGuid = {97E2850C-954F-424E-97C4-E9B3237E229D}
	EndGlobalSection
EndGlobal
